
Microsoft Visual Studio Solution File, Format Version 12.00
# Visual Studio Version 16
VisualStudioVersion = 16.0.31911.196
MinimumVisualStudioVersion = 10.0.40219.1
Project("{FAE04EC0-301F-11D3-BF4B-00C04F79EFBC}") = "ex1", "ex1\ex1.csproj", "{EBA92A6B-064B-4AF8-ACE4-D44E2EF1B309}"
EndProject
Global
	GlobalSection(SolutionConfigurationPlatforms) = preSolution
		Debug|Any CPU = Debug|Any CPU
		Release|Any CPU = Release|Any CPU
	EndGlobalSection
	GlobalSection(ProjectConfigurationPlatforms) = postSolution
		{EBA92A6B-064B-4AF8-ACE4-D44E2EF1B309}.Debug|Any CPU.ActiveCfg = Debug|Any CPU
		{EBA92A6B-064B-4AF8-ACE4-D44E2EF1B309}.Debug|Any CPU.Build.0 = Debug|Any CPU
		{EBA92A6B-064B-4AF8-ACE4-D44E2EF1B309}.Release|Any CPU.ActiveCfg = Release|Any CPU
		{EBA92A6B-064B-4AF8-ACE4-D44E2EF1B309}.Release|Any CPU.Build.0 = Release|Any CPU
	EndGlobalSection
	GlobalSection(SolutionProperties) = preSolution
		HideSolutionNode = FALSE
	EndGlobalSection
	GlobalSection(ExtensibilityGlobals) = postSolution
		SolutionGuid = {70769AF8-EB46-4DD5-A6E4-F08AAC337055}
	EndGlobalSection
EndGlobal
